
Microsoft Visual Studio Solution File, Format Version 12.00
# Visual Studio Version 16
VisualStudioVersion = 16.0.29905.134
MinimumVisualStudioVersion = 10.0.40219.1
Project("{F184B08F-C81C-45F6-A57F-5ABD9991F28F}") = "Solucion3", "Solucion3\Solucion3.vbproj", "{29D0C776-FF15-4AD8-9375-79EEAAD86368}"
EndProject
Global
	GlobalSection(SolutionConfigurationPlatforms) = preSolution
		Debug|Any CPU = Debug|Any CPU
		Release|Any CPU = Release|Any CPU
	EndGlobalSection
	GlobalSection(ProjectConfigurationPlatforms) = postSolution
		{29D0C776-FF15-4AD8-9375-79EEAAD86368}.Debug|Any CPU.ActiveCfg = Debug|Any CPU
		{29D0C776-FF15-4AD8-9375-79EEAAD86368}.Debug|Any CPU.Build.0 = Debug|Any CPU
		{29D0C776-FF15-4AD8-9375-79EEAAD86368}.Release|Any CPU.ActiveCfg = Release|Any CPU
		{29D0C776-FF15-4AD8-9375-79EEAAD86368}.Release|Any CPU.Build.0 = Release|Any CPU
	EndGlobalSection
	GlobalSection(SolutionProperties) = preSolution
		HideSolutionNode = FALSE
	EndGlobalSection
	GlobalSection(ExtensibilityGlobals) = postSolution
		SolutionGuid = {9779843E-3EE7-426F-8E3C-0C4A62673465}
	EndGlobalSection
EndGlobal
